
Microsoft Visual Studio Solution File, Format Version 12.00
# Visual Studio Version 16
VisualStudioVersion = 16.0.31613.86
MinimumVisualStudioVersion = 10.0.40219.1
Project("{FAE04EC0-301F-11D3-BF4B-00C04F79EFBC}") = "TodoSanty.Common", "TodoSanty.Common\TodoSanty.Common.csproj", "{87FC641E-0DBE-40A3-A941-6E0E614F6558}"
EndProject
Project("{FAE04EC0-301F-11D3-BF4B-00C04F79EFBC}") = "TodoSanty.Functions", "TodoSanty.Functions\TodoSanty.Functions.csproj", "{31B16944-AC18-4C92-AE71-2349F3797D71}"
EndProject
Project("{FAE04EC0-301F-11D3-BF4B-00C04F79EFBC}") = "TodoSanty.Test", "TodoSanty.Test\TodoSanty.Test.csproj", "{1B57248A-D374-44E4-8AE3-266823D4BE1A}"
EndProject
Global
	GlobalSection(SolutionConfigurationPlatforms) = preSolution
		Debug|Any CPU = Debug|Any CPU
		Release|Any CPU = Release|Any CPU
	EndGlobalSection
	GlobalSection(ProjectConfigurationPlatforms) = postSolution
		{87FC641E-0DBE-40A3-A941-6E0E614F6558}.Debug|Any CPU.ActiveCfg = Debug|Any CPU
		{87FC641E-0DBE-40A3-A941-6E0E614F6558}.Debug|Any CPU.Build.0 = Debug|Any CPU
		{87FC641E-0DBE-40A3-A941-6E0E614F6558}.Release|Any CPU.ActiveCfg = Release|Any CPU
		{87FC641E-0DBE-40A3-A941-6E0E614F6558}.Release|Any CPU.Build.0 = Release|Any CPU
		{31B16944-AC18-4C92-AE71-2349F3797D71}.Debug|Any CPU.ActiveCfg = Debug|Any CPU
		{31B16944-AC18-4C92-AE71-2349F3797D71}.Debug|Any CPU.Build.0 = Debug|Any CPU
		{31B16944-AC18-4C92-AE71-2349F3797D71}.Release|Any CPU.ActiveCfg = Release|Any CPU
		{31B16944-AC18-4C92-AE71-2349F3797D71}.Release|Any CPU.Build.0 = Release|Any CPU
		{1B57248A-D374-44E4-8AE3-266823D4BE1A}.Debug|Any CPU.ActiveCfg = Debug|Any CPU
		{1B57248A-D374-44E4-8AE3-266823D4BE1A}.Debug|Any CPU.Build.0 = Debug|Any CPU
		{1B57248A-D374-44E4-8AE3-266823D4BE1A}.Release|Any CPU.ActiveCfg = Release|Any CPU
		{1B57248A-D374-44E4-8AE3-266823D4BE1A}.Release|Any CPU.Build.0 = Release|Any CPU
	EndGlobalSection
	GlobalSection(SolutionProperties) = preSolution
		HideSolutionNode = FALSE
	EndGlobalSection
	GlobalSection(ExtensibilityGlobals) = postSolution
		SolutionGuid = {B158E444-D40B-4EE3-8DA4-F5E17BE1BA85}
	EndGlobalSection
EndGlobal
